// !$*UTF8*$!
{
	archiveVersion = 1;
	classes = {
	};
	objectVersion = 50;
	objects = {

/* Begin PBXBuildFile section */
		04A5D1BD3107CDC8D2BD3447 /* Pods_PhotoAlbums.framework in Frameworks */ = {isa = PBXBuildFile; fileRef = 757FB6102650B87616E43696 /* Pods_PhotoAlbums.framework */; };
		C578D4372343F996007C64CA /* AppDelegate.swift in Sources */ = {isa = PBXBuildFile; fileRef = C578D4362343F996007C64CA /* AppDelegate.swift */; };
		C578D4392343F996007C64CA /* SceneDelegate.swift in Sources */ = {isa = PBXBuildFile; fileRef = C578D4382343F996007C64CA /* SceneDelegate.swift */; };
		C578D43B2343F996007C64CA /* ViewController.swift in Sources */ = {isa = PBXBuildFile; fileRef = C578D43A2343F996007C64CA /* ViewController.swift */; };
		C578D43E2343F996007C64CA /* Main.storyboard in Resources */ = {isa = PBXBuildFile; fileRef = C578D43C2343F996007C64CA /* Main.storyboard */; };
		C578D4402343F997007C64CA /* Assets.xcassets in Resources */ = {isa = PBXBuildFile; fileRef = C578D43F2343F997007C64CA /* Assets.xcassets */; };
		C578D4432343F997007C64CA /* LaunchScreen.storyboard in Resources */ = {isa = PBXBuildFile; fileRef = C578D4412343F997007C64CA /* LaunchScreen.storyboard */; };
		C578D4502344EB8E007C64CA /* PhotoAlbumSingleton.swift in Sources */ = {isa = PBXBuildFile; fileRef = C578D44F2344EB8E007C64CA /* PhotoAlbumSingleton.swift */; };
/* End PBXBuildFile section */

/* Begin PBXFileReference section */
		3A6215E5FB5141B6A3CB2AE8 /* Pods-PhotoAlbums.release.xcconfig */ = {isa = PBXFileReference; includeInIndex = 1; lastKnownFileType = text.xcconfig; name = "Pods-PhotoAlbums.release.xcconfig"; path = "Target Support Files/Pods-PhotoAlbums/Pods-PhotoAlbums.release.xcconfig"; sourceTree = "<group>"; };
		757FB6102650B87616E43696 /* Pods_PhotoAlbums.framework */ = {isa = PBXFileReference; explicitFileType = wrapper.framework; includeInIndex = 0; path = Pods_PhotoAlbums.framework; sourceTree = BUILT_PRODUCTS_DIR; };
		B75E885B4224EC984FB683C9 /* Pods-PhotoAlbums.debug.xcconfig */ = {isa = PBXFileReference; includeInIndex = 1; lastKnownFileType = text.xcconfig; name = "Pods-PhotoAlbums.debug.xcconfig"; path = "Target Support Files/Pods-PhotoAlbums/Pods-PhotoAlbums.debug.xcconfig"; sourceTree = "<group>"; };
		C578D4332343F996007C64CA /* PhotoAlbums.app */ = {isa = PBXFileReference; explicitFileType = wrapper.application; includeInIndex = 0; path = PhotoAlbums.app; sourceTree = BUILT_PRODUCTS_DIR; };
		C578D4362343F996007C64CA /* AppDelegate.swift */ = {isa = PBXFileReference; lastKnownFileType = sourcecode.swift; path = AppDelegate.swift; sourceTree = "<group>"; };
		C578D4382343F996007C64CA /* SceneDelegate.swift */ = {isa = PBXFileReference; lastKnownFileType = sourcecode.swift; path = SceneDelegate.swift; sourceTree = "<group>"; };
		C578D43A2343F996007C64CA /* ViewController.swift */ = {isa = PBXFileReference; lastKnownFileType = sourcecode.swift; path = ViewController.swift; sourceTree = "<group>"; };
		C578D43D2343F996007C64CA /* Base */ = {isa = PBXFileReference; lastKnownFileType = file.storyboard; name = Base; path = Base.lproj/Main.storyboard; sourceTree = "<group>"; };
		C578D43F2343F997007C64CA /* Assets.xcassets */ = {isa = PBXFileReference; lastKnownFileType = folder.assetcatalog; path = Assets.xcassets; sourceTree = "<group>"; };
		C578D4422343F997007C64CA /* Base */ = {isa = PBXFileReference; lastKnownFileType = file.storyboard; name = Base; path = Base.lproj/LaunchScreen.storyboard; sourceTree = "<group>"; };
		C578D4442343F997007C64CA /* Info.plist */ = {isa = PBXFileReference; lastKnownFileType = text.plist.xml; name = Info.plist; path = ../Info.plist; sourceTree = "<group>"; };
		C578D44F2344EB8E007C64CA /* PhotoAlbumSingleton.swift */ = {isa = PBXFileReference; lastKnownFileType = sourcecode.swift; path = PhotoAlbumSingleton.swift; sourceTree = "<group>"; };
/* End PBXFileReference section */

/* Begin PBXFrameworksBuildPhase section */
		C578D4302343F996007C64CA /* Frameworks */ = {
			isa = PBXFrameworksBuildPhase;
			buildActionMask = 2147483647;
			files = (
				04A5D1BD3107CDC8D2BD3447 /* Pods_PhotoAlbums.framework in Frameworks */,
			);
			runOnlyForDeploymentPostprocessing = 0;
		};
/* End PBXFrameworksBuildPhase section */

/* Begin PBXGroup section */
		5370ADD2586F82DCFE70E3B1 /* Pods */ = {
			isa = PBXGroup;
			children = (
				B75E885B4224EC984FB683C9 /* Pods-PhotoAlbums.debug.xcconfig */,
				3A6215E5FB5141B6A3CB2AE8 /* Pods-PhotoAlbums.release.xcconfig */,
			);
			path = Pods;
			sourceTree = "<group>";
		};
		B01C15695E810DE88D08849F /* Frameworks */ = {
			isa = PBXGroup;
			children = (
				757FB6102650B87616E43696 /* Pods_PhotoAlbums.framework */,
			);
			name = Frameworks;
			sourceTree = "<group>";
		};
		C578D42A2343F996007C64CA = {
			isa = PBXGroup;
			children = (
				C578D4352343F996007C64CA /* PhotoAlbums */,
				C578D4342343F996007C64CA /* Products */,
				5370ADD2586F82DCFE70E3B1 /* Pods */,
				B01C15695E810DE88D08849F /* Frameworks */,
			);
			sourceTree = "<group>";
		};
		C578D4342343F996007C64CA /* Products */ = {
			isa = PBXGroup;
			children = (
				C578D4332343F996007C64CA /* PhotoAlbums.app */,
			);
			name = Products;
			sourceTree = "<group>";
		};
		C578D4352343F996007C64CA /* PhotoAlbums */ = {
			isa = PBXGroup;
			children = (
				C578D44A2343FA12007C64CA /* Model */,
				C578D44B2343FA1E007C64CA /* View */,
				C578D44C2343FA2D007C64CA /* Controller */,
				C578D44D2343FA35007C64CA /* Services */,
				C578D44E2343FA3D007C64CA /* Supporting Files */,
			);
			path = PhotoAlbums;
			sourceTree = "<group>";
		};
		C578D44A2343FA12007C64CA /* Model */ = {
			isa = PBXGroup;
			children = (
			);
			path = Model;
			sourceTree = "<group>";
		};
		C578D44B2343FA1E007C64CA /* View */ = {
			isa = PBXGroup;
			children = (
				C578D43C2343F996007C64CA /* Main.storyboard */,
				C578D4412343F997007C64CA /* LaunchScreen.storyboard */,
			);
			path = View;
			sourceTree = "<group>";
		};
		C578D44C2343FA2D007C64CA /* Controller */ = {
			isa = PBXGroup;
			children = (
				C578D43A2343F996007C64CA /* ViewController.swift */,
			);
			path = Controller;
			sourceTree = "<group>";
		};
		C578D44D2343FA35007C64CA /* Services */ = {
			isa = PBXGroup;
			children = (
				C578D44F2344EB8E007C64CA /* PhotoAlbumSingleton.swift */,
			);
			path = Services;
			sourceTree = "<group>";
		};
		C578D44E2343FA3D007C64CA /* Supporting Files */ = {
			isa = PBXGroup;
			children = (
				C578D4362343F996007C64CA /* AppDelegate.swift */,
				C578D4382343F996007C64CA /* SceneDelegate.swift */,
				C578D43F2343F997007C64CA /* Assets.xcassets */,
				C578D4442343F997007C64CA /* Info.plist */,
			);
			path = "Supporting Files";
			sourceTree = "<group>";
		};
/* End PBXGroup section */

/* Begin PBXNativeTarget section */
		C578D4322343F996007C64CA /* PhotoAlbums */ = {
			isa = PBXNativeTarget;
			buildConfigurationList = C578D4472343F997007C64CA /* Build configuration list for PBXNativeTarget "PhotoAlbums" */;
			buildPhases = (
				33E32D8C477977B3630EFF32 /* [CP] Check Pods Manifest.lock */,
				C578D42F2343F996007C64CA /* Sources */,
				C578D4302343F996007C64CA /* Frameworks */,
				C578D4312343F996007C64CA /* Resources */,
				D6D4A9F662F7D9264485A23E /* [CP] Embed Pods Frameworks */,
			);
			buildRules = (
			);
			dependencies = (
			);
			name = PhotoAlbums;
			productName = PhotoAlbums;
			productReference = C578D4332343F996007C64CA /* PhotoAlbums.app */;
			productType = "com.apple.product-type.application";
		};
/* End PBXNativeTarget section */

/* Begin PBXProject section */
		C578D42B2343F996007C64CA /* Project object */ = {
			isa = PBXProject;
			attributes = {
				LastSwiftUpdateCheck = 1100;
				LastUpgradeCheck = 1100;
				ORGANIZATIONNAME = "Diego Espinosa";
				TargetAttributes = {
					C578D4322343F996007C64CA = {
						CreatedOnToolsVersion = 11.0;
					};
				};
			};
			buildConfigurationList = C578D42E2343F996007C64CA /* Build configuration list for PBXProject "PhotoAlbums" */;
			compatibilityVersion = "Xcode 9.3";
			developmentRegion = en;
			hasScannedForEncodings = 0;
			knownRegions = (
				en,
				Base,
			);
			mainGroup = C578D42A2343F996007C64CA;
			productRefGroup = C578D4342343F996007C64CA /* Products */;
			projectDirPath = "";
			projectRoot = "";
			targets = (
				C578D4322343F996007C64CA /* PhotoAlbums */,
			);
		};
/* End PBXProject section */

/* Begin PBXResourcesBuildPhase section */
		C578D4312343F996007C64CA /* Resources */ = {
			isa = PBXResourcesBuildPhase;
			buildActionMask = 2147483647;
			files = (
				C578D4432343F997007C64CA /* LaunchScreen.storyboard in Resources */,
				C578D4402343F997007C64CA /* Assets.xcassets in Resources */,
				C578D43E2343F996007C64CA /* Main.storyboard in Resources */,
			);
			runOnlyForDeploymentPostprocessing = 0;
		};
/* End PBXResourcesBuildPhase section */

/* Begin PBXShellScriptBuildPhase section */
		33E32D8C477977B3630EFF32 /* [CP] Check Pods Manifest.lock */ = {
			isa = PBXShellScriptBuildPhase;
			buildActionMask = 2147483647;
			files = (
			);
			inputFileListPaths = (
			);
			inputPaths = (
				"${PODS_PODFILE_DIR_PATH}/Podfile.lock",
				"${PODS_ROOT}/Manifest.lock",
			);
			name = "[CP] Check Pods Manifest.lock";
			outputFileListPaths = (
			);
			outputPaths = (
				"$(DERIVED_FILE_DIR)/Pods-PhotoAlbums-checkManifestLockResult.txt",
			);
			runOnlyForDeploymentPostprocessing = 0;
			shellPath = /bin/sh;
			shellScript = "diff \"${PODS_PODFILE_DIR_PATH}/Podfile.lock\" \"${PODS_ROOT}/Manifest.lock\" > /dev/null\nif [ $? != 0 ] ; then\n    # print error to STDERR\n    echo \"error: The sandbox is not in sync with the Podfile.lock. Run 'pod install' or update your CocoaPods installation.\" >&2\n    exit 1\nfi\n# This output is used by Xcode 'outputs' to avoid re-running this script phase.\necho \"SUCCESS\" > \"${SCRIPT_OUTPUT_FILE_0}\"\n";
			showEnvVarsInLog = 0;
		};
		D6D4A9F662F7D9264485A23E /* [CP] Embed Pods Frameworks */ = {
			isa = PBXShellScriptBuildPhase;
			buildActionMask = 2147483647;
			files = (
			);
			inputFileListPaths = (
			);
			inputPaths = (
				"${PODS_ROOT}/Target Support Files/Pods-PhotoAlbums/Pods-PhotoAlbums-frameworks.sh",
				"${BUILT_PRODUCTS_DIR}/Alamofire/Alamofire.framework",
				"${BUILT_PRODUCTS_DIR}/PromiseKit/PromiseKit.framework",
			);
			name = "[CP] Embed Pods Frameworks";
			outputFileListPaths = (
			);
			outputPaths = (
				"${TARGET_BUILD_DIR}/${FRAMEWORKS_FOLDER_PATH}/Alamofire.framework",
				"${TARGET_BUILD_DIR}/${FRAMEWORKS_FOLDER_PATH}/PromiseKit.framework",
			);
			runOnlyForDeploymentPostprocessing = 0;
			shellPath = /bin/sh;
			shellScript = "\"${PODS_ROOT}/Target Support Files/Pods-PhotoAlbums/Pods-PhotoAlbums-frameworks.sh\"\n";
			showEnvVarsInLog = 0;
		};
/* End PBXShellScriptBuildPhase section */

/* Begin PBXSourcesBuildPhase section */
		C578D42F2343F996007C64CA /* Sources */ = {
			isa = PBXSourcesBuildPhase;
			buildActionMask = 2147483647;
			files = (
				C578D43B2343F996007C64CA /* ViewController.swift in Sources */,
				C578D4372343F996007C64CA /* AppDelegate.swift in Sources */,
				C578D4502344EB8E007C64CA /* PhotoAlbumSingleton.swift in Sources */,
				C578D4392343F996007C64CA /* SceneDelegate.swift in Sources */,
			);
			runOnlyForDeploymentPostprocessing = 0;
		};
/* End PBXSourcesBuildPhase section */

/* Begin PBXVariantGroup section */
		C578D43C2343F996007C64CA /* Main.storyboard */ = {
			isa = PBXVariantGroup;
			children = (
				C578D43D2343F996007C64CA /* Base */,
			);
			name = Main.storyboard;
			sourceTree = "<group>";
		};
		C578D4412343F997007C64CA /* LaunchScreen.storyboard */ = {
			isa = PBXVariantGroup;
			children = (
				C578D4422343F997007C64CA /* Base */,
			);
			name = LaunchScreen.storyboard;
			sourceTree = "<group>";
		};
/* End PBXVariantGroup section */

/* Begin XCBuildConfiguration section */
		C578D4452343F997007C64CA /* Debug */ = {
			isa = XCBuildConfiguration;
			buildSettings = {
				ALWAYS_SEARCH_USER_PATHS = NO;
				CLANG_ANALYZER_NONNULL = YES;
				CLANG_ANALYZER_NUMBER_OBJECT_CONVERSION = YES_AGGRESSIVE;
				CLANG_CXX_LANGUAGE_STANDARD = "gnu++14";
				CLANG_CXX_LIBRARY = "libc++";
				CLANG_ENABLE_MODULES = YES;
				CLANG_ENABLE_OBJC_ARC = YES;
				CLANG_ENABLE_OBJC_WEAK = YES;
				CLANG_WARN_BLOCK_CAPTURE_AUTORELEASING = YES;
				CLANG_WARN_BOOL_CONVERSION = YES;
				CLANG_WARN_COMMA = YES;
				CLANG_WARN_CONSTANT_CONVERSION = YES;
				CLANG_WARN_DEPRECATED_OBJC_IMPLEMENTATIONS = YES;
				CLANG_WARN_DIRECT_OBJC_ISA_USAGE = YES_ERROR;
				CLANG_WARN_DOCUMENTATION_COMMENTS = YES;
				CLANG_WARN_EMPTY_BODY = YES;
				CLANG_WARN_ENUM_CONVERSION = YES;
				CLANG_WARN_INFINITE_RECURSION = YES;
				CLANG_WARN_INT_CONVERSION = YES;
				CLANG_WARN_NON_LITERAL_NULL_CONVERSION = YES;
				CLANG_WARN_OBJC_IMPLICIT_RETAIN_SELF = YES;
				CLANG_WARN_OBJC_LITERAL_CONVERSION = YES;
				CLANG_WARN_OBJC_ROOT_CLASS = YES_ERROR;
				CLANG_WARN_RANGE_LOOP_ANALYSIS = YES;
				CLANG_WARN_STRICT_PROTOTYPES = YES;
				CLANG_WARN_SUSPICIOUS_MOVE = YES;
				CLANG_WARN_UNGUARDED_AVAILABILITY = YES_AGGRESSIVE;
				CLANG_WARN_UNREACHABLE_CODE = YES;
				CLANG_WARN__DUPLICATE_METHOD_MATCH = YES;
				COPY_PHASE_STRIP = NO;
				DEBUG_INFORMATION_FORMAT = dwarf;
				ENABLE_STRICT_OBJC_MSGSEND = YES;
				ENABLE_TESTABILITY = YES;
				GCC_C_LANGUAGE_STANDARD = gnu11;
				GCC_DYNAMIC_NO_PIC = NO;
				GCC_NO_COMMON_BLOCKS = YES;
				GCC_OPTIMIZATION_LEVEL = 0;
				GCC_PREPROCESSOR_DEFINITIONS = (
					"DEBUG=1",
					"$(inherited)",
				);
				GCC_WARN_64_TO_32_BIT_CONVERSION = YES;
				GCC_WARN_ABOUT_RETURN_TYPE = YES_ERROR;
				GCC_WARN_UNDECLARED_SELECTOR = YES;
				GCC_WARN_UNINITIALIZED_AUTOS = YES_AGGRESSIVE;
				GCC_WARN_UNUSED_FUNCTION = YES;
				GCC_WARN_UNUSED_VARIABLE = YES;
				IPHONEOS_DEPLOYMENT_TARGET = 13.0;
				MTL_ENABLE_DEBUG_INFO = INCLUDE_SOURCE;
				MTL_FAST_MATH = YES;
				ONLY_ACTIVE_ARCH = YES;
				SDKROOT = iphoneos;
				SWIFT_ACTIVE_COMPILATION_CONDITIONS = DEBUG;
				SWIFT_OPTIMIZATION_LEVEL = "-Onone";
			};
			name = Debug;
		};
		C578D4462343F997007C64CA /* Release */ = {
			isa = XCBuildConfiguration;
			buildSettings = {
				ALWAYS_SEARCH_USER_PATHS = NO;
				CLANG_ANALYZER_NONNULL = YES;
				CLANG_ANALYZER_NUMBER_OBJECT_CONVERSION = YES_AGGRESSIVE;
				CLANG_CXX_LANGUAGE_STANDARD = "gnu++14";
				CLANG_CXX_LIBRARY = "libc++";
				CLANG_ENABLE_MODULES = YES;
				CLANG_ENABLE_OBJC_ARC = YES;
				CLANG_ENABLE_OBJC_WEAK = YES;
				CLANG_WARN_BLOCK_CAPTURE_AUTORELEASING = YES;
				CLANG_WARN_BOOL_CONVERSION = YES;
				CLANG_WARN_COMMA = YES;
				CLANG_WARN_CONSTANT_CONVERSION = YES;
				CLANG_WARN_DEPRECATED_OBJC_IMPLEMENTATIONS = YES;
				CLANG_WARN_DIRECT_OBJC_ISA_USAGE = YES_ERROR;
				CLANG_WARN_DOCUMENTATION_COMMENTS = YES;
				CLANG_WARN_EMPTY_BODY = YES;
				CLANG_WARN_ENUM_CONVERSION = YES;
				CLANG_WARN_INFINITE_RECURSION = YES;
				CLANG_WARN_INT_CONVERSION = YES;
				CLANG_WARN_NON_LITERAL_NULL_CONVERSION = YES;
				CLANG_WARN_OBJC_IMPLICIT_RETAIN_SELF = YES;
				CLANG_WARN_OBJC_LITERAL_CONVERSION = YES;
				CLANG_WARN_OBJC_ROOT_CLASS = YES_ERROR;
				CLANG_WARN_RANGE_LOOP_ANALYSIS = YES;
				CLANG_WARN_STRICT_PROTOTYPES = YES;
				CLANG_WARN_SUSPICIOUS_MOVE = YES;
				CLANG_WARN_UNGUARDED_AVAILABILITY = YES_AGGRESSIVE;
				CLANG_WARN_UNREACHABLE_CODE = YES;
				CLANG_WARN__DUPLICATE_METHOD_MATCH = YES;
				COPY_PHASE_STRIP = NO;
				DEBUG_INFORMATION_FORMAT = "dwarf-with-dsym";
				ENABLE_NS_ASSERTIONS = NO;
				ENABLE_STRICT_OBJC_MSGSEND = YES;
				GCC_C_LANGUAGE_STANDARD = gnu11;
				GCC_NO_COMMON_BLOCKS = YES;
				GCC_WARN_64_TO_32_BIT_CONVERSION = YES;
				GCC_WARN_ABOUT_RETURN_TYPE = YES_ERROR;
				GCC_WARN_UNDECLARED_SELECTOR = YES;
				GCC_WARN_UNINITIALIZED_AUTOS = YES_AGGRESSIVE;
				GCC_WARN_UNUSED_FUNCTION = YES;
				GCC_WARN_UNUSED_VARIABLE = YES;
				IPHONEOS_DEPLOYMENT_TARGET = 13.0;
				MTL_ENABLE_DEBUG_INFO = NO;
				MTL_FAST_MATH = YES;
				SDKROOT = iphoneos;
				SWIFT_COMPILATION_MODE = wholemodule;
				SWIFT_OPTIMIZATION_LEVEL = "-O";
				VALIDATE_PRODUCT = YES;
			};
			name = Release;
		};
		C578D4482343F997007C64CA /* Debug */ = {
			isa = XCBuildConfiguration;
			baseConfigurationReference = B75E885B4224EC984FB683C9 /* Pods-PhotoAlbums.debug.xcconfig */;
			buildSettings = {
				ASSETCATALOG_COMPILER_APPICON_NAME = AppIcon;
				CODE_SIGN_STYLE = Automatic;
				DEVELOPMENT_TEAM = FVP2NS64LV;
				INFOPLIST_FILE = PhotoAlbums/Info.plist;
				LD_RUNPATH_SEARCH_PATHS = (
					"$(inherited)",
					"@executable_path/Frameworks",
				);
				PRODUCT_BUNDLE_IDENTIFIER = com.DiegoEspinosa.PhotoAlbums;
				PRODUCT_NAME = "$(TARGET_NAME)";
				SWIFT_VERSION = 5.0;
				TARGETED_DEVICE_FAMILY = "1,2";
			};
			name = Debug;
		};
		C578D4492343F997007C64CA /* Release */ = {
			isa = XCBuildConfiguration;
			baseConfigurationReference = 3A6215E5FB5141B6A3CB2AE8 /* Pods-PhotoAlbums.release.xcconfig */;
			buildSettings = {
				ASSETCATALOG_COMPILER_APPICON_NAME = AppIcon;
				CODE_SIGN_STYLE = Automatic;
				DEVELOPMENT_TEAM = FVP2NS64LV;
				INFOPLIST_FILE = PhotoAlbums/Info.plist;
				LD_RUNPATH_SEARCH_PATHS = (
					"$(inherited)",
					"@executable_path/Frameworks",
				);
				PRODUCT_BUNDLE_IDENTIFIER = com.DiegoEspinosa.PhotoAlbums;
				PRODUCT_NAME = "$(TARGET_NAME)";
				SWIFT_VERSION = 5.0;
				TARGETED_DEVICE_FAMILY = "1,2";
			};
			name = Release;
		};
/* End XCBuildConfiguration section */

/* Begin XCConfigurationList section */
		C578D42E2343F996007C64CA /* Build configuration list for PBXProject "PhotoAlbums" */ = {
			isa = XCConfigurationList;
			buildConfigurations = (
				C578D4452343F997007C64CA /* Debug */,
				C578D4462343F997007C64CA /* Release */,
			);
			defaultConfigurationIsVisible = 0;
			defaultConfigurationName = Release;
		};
		C578D4472343F997007C64CA /* Build configuration list for PBXNativeTarget "PhotoAlbums" */ = {
			isa = XCConfigurationList;
			buildConfigurations = (
				C578D4482343F997007C64CA /* Debug */,
				C578D4492343F997007C64CA /* Release */,
			);
			defaultConfigurationIsVisible = 0;
			defaultConfigurationName = Release;
		};
/* End XCConfigurationList section */
	};
	rootObject = C578D42B2343F996007C64CA /* Project object */;
}
